
Microsoft Visual Studio Solution File, Format Version 12.00
# Visual Studio Version 17
VisualStudioVersion = 17.4.33213.308
MinimumVisualStudioVersion = 10.0.40219.1
Project("{FAE04EC0-301F-11D3-BF4B-00C04F79EFBC}") = "AMM_LAB06_TINOCO.Android", "AMM_LAB06_TINOCO\AMM_LAB06_TINOCO.Android\AMM_LAB06_TINOCO.Android.csproj", "{1429C118-7BB3-4216-A17D-BDDFE4DB9B17}"
EndProject
Project("{FAE04EC0-301F-11D3-BF4B-00C04F79EFBC}") = "AMM_LAB06_TINOCO.iOS", "AMM_LAB06_TINOCO\AMM_LAB06_TINOCO.iOS\AMM_LAB06_TINOCO.iOS.csproj", "{B43A20D7-EF5A-4A13-8FFB-7E807B4B7B2F}"
EndProject
Project("{FAE04EC0-301F-11D3-BF4B-00C04F79EFBC}") = "AMM_LAB06_TINOCO", "AMM_LAB06_TINOCO\AMM_LAB06_TINOCO\AMM_LAB06_TINOCO.csproj", "{4E3F7DA5-722D-4F72-B1F9-AAE3EAC558B4}"
EndProject
Global
	GlobalSection(SolutionConfigurationPlatforms) = preSolution
		Debug|Any CPU = Debug|Any CPU
		Debug|iPhone = Debug|iPhone
		Debug|iPhoneSimulator = Debug|iPhoneSimulator
		Release|Any CPU = Release|Any CPU
		Release|iPhone = Release|iPhone
		Release|iPhoneSimulator = Release|iPhoneSimulator
	EndGlobalSection
	GlobalSection(ProjectConfigurationPlatforms) = postSolution
		{1429C118-7BB3-4216-A17D-BDDFE4DB9B17}.Debug|Any CPU.ActiveCfg = Debug|Any CPU
		{1429C118-7BB3-4216-A17D-BDDFE4DB9B17}.Debug|Any CPU.Build.0 = Debug|Any CPU
		{1429C118-7BB3-4216-A17D-BDDFE4DB9B17}.Debug|Any CPU.Deploy.0 = Debug|Any CPU
		{1429C118-7BB3-4216-A17D-BDDFE4DB9B17}.Debug|iPhone.ActiveCfg = Debug|Any CPU
		{1429C118-7BB3-4216-A17D-BDDFE4DB9B17}.Debug|iPhone.Build.0 = Debug|Any CPU
		{1429C118-7BB3-4216-A17D-BDDFE4DB9B17}.Debug|iPhone.Deploy.0 = Debug|Any CPU
		{1429C118-7BB3-4216-A17D-BDDFE4DB9B17}.Debug|iPhoneSimulator.ActiveCfg = Debug|Any CPU
		{1429C118-7BB3-4216-A17D-BDDFE4DB9B17}.Debug|iPhoneSimulator.Build.0 = Debug|Any CPU
		{1429C118-7BB3-4216-A17D-BDDFE4DB9B17}.Debug|iPhoneSimulator.Deploy.0 = Debug|Any CPU
		{1429C118-7BB3-4216-A17D-BDDFE4DB9B17}.Release|Any CPU.ActiveCfg = Release|Any CPU
		{1429C118-7BB3-4216-A17D-BDDFE4DB9B17}.Release|Any CPU.Build.0 = Release|Any CPU
		{1429C118-7BB3-4216-A17D-BDDFE4DB9B17}.Release|Any CPU.Deploy.0 = Release|Any CPU
		{1429C118-7BB3-4216-A17D-BDDFE4DB9B17}.Release|iPhone.ActiveCfg = Release|Any CPU
		{1429C118-7BB3-4216-A17D-BDDFE4DB9B17}.Release|iPhone.Build.0 = Release|Any CPU
		{1429C118-7BB3-4216-A17D-BDDFE4DB9B17}.Release|iPhone.Deploy.0 = Release|Any CPU
		{1429C118-7BB3-4216-A17D-BDDFE4DB9B17}.Release|iPhoneSimulator.ActiveCfg = Release|Any CPU
		{1429C118-7BB3-4216-A17D-BDDFE4DB9B17}.Release|iPhoneSimulator.Build.0 = Release|Any CPU
		{1429C118-7BB3-4216-A17D-BDDFE4DB9B17}.Release|iPhoneSimulator.Deploy.0 = Release|Any CPU
		{B43A20D7-EF5A-4A13-8FFB-7E807B4B7B2F}.Debug|Any CPU.ActiveCfg = Debug|iPhone
		{B43A20D7-EF5A-4A13-8FFB-7E807B4B7B2F}.Debug|Any CPU.Build.0 = Debug|iPhone
		{B43A20D7-EF5A-4A13-8FFB-7E807B4B7B2F}.Debug|Any CPU.Deploy.0 = Debug|iPhone
		{B43A20D7-EF5A-4A13-8FFB-7E807B4B7B2F}.Debug|iPhone.ActiveCfg = Debug|iPhone
		{B43A20D7-EF5A-4A13-8FFB-7E807B4B7B2F}.Debug|iPhone.Build.0 = Debug|iPhone
		{B43A20D7-EF5A-4A13-8FFB-7E807B4B7B2F}.Debug|iPhone.Deploy.0 = Debug|iPhone
		{B43A20D7-EF5A-4A13-8FFB-7E807B4B7B2F}.Debug|iPhoneSimulator.ActiveCfg = Debug|iPhoneSimulator
		{B43A20D7-EF5A-4A13-8FFB-7E807B4B7B2F}.Debug|iPhoneSimulator.Build.0 = Debug|iPhoneSimulator
		{B43A20D7-EF5A-4A13-8FFB-7E807B4B7B2F}.Debug|iPhoneSimulator.Deploy.0 = Debug|iPhoneSimulator
		{B43A20D7-EF5A-4A13-8FFB-7E807B4B7B2F}.Release|Any CPU.ActiveCfg = Release|iPhoneSimulator
		{B43A20D7-EF5A-4A13-8FFB-7E807B4B7B2F}.Release|Any CPU.Build.0 = Release|iPhoneSimulator
		{B43A20D7-EF5A-4A13-8FFB-7E807B4B7B2F}.Release|Any CPU.Deploy.0 = Release|iPhoneSimulator
		{B43A20D7-EF5A-4A13-8FFB-7E807B4B7B2F}.Release|iPhone.ActiveCfg = Release|iPhone
		{B43A20D7-EF5A-4A13-8FFB-7E807B4B7B2F}.Release|iPhone.Build.0 = Release|iPhone
		{B43A20D7-EF5A-4A13-8FFB-7E807B4B7B2F}.Release|iPhone.Deploy.0 = Release|iPhone
		{B43A20D7-EF5A-4A13-8FFB-7E807B4B7B2F}.Release|iPhoneSimulator.ActiveCfg = Release|iPhoneSimulator
		{B43A20D7-EF5A-4A13-8FFB-7E807B4B7B2F}.Release|iPhoneSimulator.Build.0 = Release|iPhoneSimulator
		{B43A20D7-EF5A-4A13-8FFB-7E807B4B7B2F}.Release|iPhoneSimulator.Deploy.0 = Release|iPhoneSimulator
		{4E3F7DA5-722D-4F72-B1F9-AAE3EAC558B4}.Debug|Any CPU.ActiveCfg = Debug|Any CPU
		{4E3F7DA5-722D-4F72-B1F9-AAE3EAC558B4}.Debug|Any CPU.Build.0 = Debug|Any CPU
		{4E3F7DA5-722D-4F72-B1F9-AAE3EAC558B4}.Debug|Any CPU.Deploy.0 = Debug|Any CPU
		{4E3F7DA5-722D-4F72-B1F9-AAE3EAC558B4}.Debug|iPhone.ActiveCfg = Debug|Any CPU
		{4E3F7DA5-722D-4F72-B1F9-AAE3EAC558B4}.Debug|iPhone.Build.0 = Debug|Any CPU
		{4E3F7DA5-722D-4F72-B1F9-AAE3EAC558B4}.Debug|iPhone.Deploy.0 = Debug|Any CPU
		{4E3F7DA5-722D-4F72-B1F9-AAE3EAC558B4}.Debug|iPhoneSimulator.ActiveCfg = Debug|Any CPU
		{4E3F7DA5-722D-4F72-B1F9-AAE3EAC558B4}.Debug|iPhoneSimulator.Build.0 = Debug|Any CPU
		{4E3F7DA5-722D-4F72-B1F9-AAE3EAC558B4}.Debug|iPhoneSimulator.Deploy.0 = Debug|Any CPU
		{4E3F7DA5-722D-4F72-B1F9-AAE3EAC558B4}.Release|Any CPU.ActiveCfg = Release|Any CPU
		{4E3F7DA5-722D-4F72-B1F9-AAE3EAC558B4}.Release|Any CPU.Build.0 = Release|Any CPU
		{4E3F7DA5-722D-4F72-B1F9-AAE3EAC558B4}.Release|Any CPU.Deploy.0 = Release|Any CPU
		{4E3F7DA5-722D-4F72-B1F9-AAE3EAC558B4}.Release|iPhone.ActiveCfg = Release|Any CPU
		{4E3F7DA5-722D-4F72-B1F9-AAE3EAC558B4}.Release|iPhone.Build.0 = Release|Any CPU
		{4E3F7DA5-722D-4F72-B1F9-AAE3EAC558B4}.Release|iPhone.Deploy.0 = Release|Any CPU
		{4E3F7DA5-722D-4F72-B1F9-AAE3EAC558B4}.Release|iPhoneSimulator.ActiveCfg = Release|Any CPU
		{4E3F7DA5-722D-4F72-B1F9-AAE3EAC558B4}.Release|iPhoneSimulator.Build.0 = Release|Any CPU
		{4E3F7DA5-722D-4F72-B1F9-AAE3EAC558B4}.Release|iPhoneSimulator.Deploy.0 = Release|Any CPU
	EndGlobalSection
	GlobalSection(SolutionProperties) = preSolution
		HideSolutionNode = FALSE
	EndGlobalSection
	GlobalSection(ExtensibilityGlobals) = postSolution
		SolutionGuid = {874C88A0-9244-411D-BA55-1F9C83450342}
	EndGlobalSection
EndGlobal
